// !$*UTF8*$!
{
	archiveVersion = 1;
	classes = {
	};
	objectVersion = 50;
	objects = {

/* Begin PBXBuildFile section */
		072609DF25D0D67F00535BDD /* BridgeModel.m in Sources */ = {isa = PBXBuildFile; fileRef = 072609DE25D0D67F00535BDD /* BridgeModel.m */; };
		0778DF3125D23D3700F3155B /* NSMutableArray+variadicMethodExample.m in Sources */ = {isa = PBXBuildFile; fileRef = 0778DF3025D23D3700F3155B /* NSMutableArray+variadicMethodExample.m */; };
		0778DF3925DE15FA00F3155B /* B.m in Sources */ = {isa = PBXBuildFile; fileRef = 0778DF3825DE15FA00F3155B /* B.m */; };
		0778DF5A25DE1A2200F3155B /* NSObject+MJCoding.m in Sources */ = {isa = PBXBuildFile; fileRef = 0778DF4525DE1A2100F3155B /* NSObject+MJCoding.m */; };
		0778DF5B25DE1A2200F3155B /* NSString+MJExtension.m in Sources */ = {isa = PBXBuildFile; fileRef = 0778DF4725DE1A2100F3155B /* NSString+MJExtension.m */; };
		0778DF5C25DE1A2200F3155B /* MJProperty.m in Sources */ = {isa = PBXBuildFile; fileRef = 0778DF4B25DE1A2100F3155B /* MJProperty.m */; };
		0778DF5D25DE1A2200F3155B /* NSObject+MJKeyValue.m in Sources */ = {isa = PBXBuildFile; fileRef = 0778DF4F25DE1A2200F3155B /* NSObject+MJKeyValue.m */; };
		0778DF5E25DE1A2200F3155B /* MJPropertyType.m in Sources */ = {isa = PBXBuildFile; fileRef = 0778DF5025DE1A2200F3155B /* MJPropertyType.m */; };
		0778DF5F25DE1A2200F3155B /* NSObject+MJProperty.m in Sources */ = {isa = PBXBuildFile; fileRef = 0778DF5125DE1A2200F3155B /* NSObject+MJProperty.m */; };
		0778DF6025DE1A2200F3155B /* MJFoundation.m in Sources */ = {isa = PBXBuildFile; fileRef = 0778DF5325DE1A2200F3155B /* MJFoundation.m */; };
		0778DF6125DE1A2200F3155B /* MJExtensionConst.m in Sources */ = {isa = PBXBuildFile; fileRef = 0778DF5425DE1A2200F3155B /* MJExtensionConst.m */; };
		0778DF6225DE1A2200F3155B /* MJPropertyKey.m in Sources */ = {isa = PBXBuildFile; fileRef = 0778DF5725DE1A2200F3155B /* MJPropertyKey.m */; };
		0778DF6325DE1A2200F3155B /* NSObject+MJClass.m in Sources */ = {isa = PBXBuildFile; fileRef = 0778DF5825DE1A2200F3155B /* NSObject+MJClass.m */; };
		078EF28D25B982C0005428A4 /* AppDelegate.m in Sources */ = {isa = PBXBuildFile; fileRef = 078EF28C25B982C0005428A4 /* AppDelegate.m */; };
		078EF29025B982C0005428A4 /* SceneDelegate.m in Sources */ = {isa = PBXBuildFile; fileRef = 078EF28F25B982C0005428A4 /* SceneDelegate.m */; };
		078EF29325B982C0005428A4 /* ViewController.m in Sources */ = {isa = PBXBuildFile; fileRef = 078EF29225B982C0005428A4 /* ViewController.m */; };
		078EF29625B982C0005428A4 /* Main.storyboard in Resources */ = {isa = PBXBuildFile; fileRef = 078EF29425B982C0005428A4 /* Main.storyboard */; };
		078EF29825B982C2005428A4 /* Assets.xcassets in Resources */ = {isa = PBXBuildFile; fileRef = 078EF29725B982C2005428A4 /* Assets.xcassets */; };
		078EF29B25B982C2005428A4 /* LaunchScreen.storyboard in Resources */ = {isa = PBXBuildFile; fileRef = 078EF29925B982C2005428A4 /* LaunchScreen.storyboard */; };
		078EF29E25B982C2005428A4 /* main.m in Sources */ = {isa = PBXBuildFile; fileRef = 078EF29D25B982C2005428A4 /* main.m */; };
		078EF2A825B9835B005428A4 /* A.m in Sources */ = {isa = PBXBuildFile; fileRef = 078EF2A725B9835B005428A4 /* A.m */; };
/* End PBXBuildFile section */

/* Begin PBXFileReference section */
		072609DD25D0D67F00535BDD /* BridgeModel.h */ = {isa = PBXFileReference; lastKnownFileType = sourcecode.c.h; path = BridgeModel.h; sourceTree = "<group>"; };
		072609DE25D0D67F00535BDD /* BridgeModel.m */ = {isa = PBXFileReference; lastKnownFileType = sourcecode.c.objc; path = BridgeModel.m; sourceTree = "<group>"; };
		0778DF2F25D23D3700F3155B /* NSMutableArray+variadicMethodExample.h */ = {isa = PBXFileReference; lastKnownFileType = sourcecode.c.h; path = "NSMutableArray+variadicMethodExample.h"; sourceTree = "<group>"; };
		0778DF3025D23D3700F3155B /* NSMutableArray+variadicMethodExample.m */ = {isa = PBXFileReference; lastKnownFileType = sourcecode.c.objc; path = "NSMutableArray+variadicMethodExample.m"; sourceTree = "<group>"; };
		0778DF3725DE15F900F3155B /* B.h */ = {isa = PBXFileReference; lastKnownFileType = sourcecode.c.h; path = B.h; sourceTree = "<group>"; };
		0778DF3825DE15FA00F3155B /* B.m */ = {isa = PBXFileReference; lastKnownFileType = sourcecode.c.objc; path = B.m; sourceTree = "<group>"; };
		0778DF4525DE1A2100F3155B /* NSObject+MJCoding.m */ = {isa = PBXFileReference; fileEncoding = 4; lastKnownFileType = sourcecode.c.objc; path = "NSObject+MJCoding.m"; sourceTree = "<group>"; };
		0778DF4625DE1A2100F3155B /* NSString+MJExtension.h */ = {isa = PBXFileReference; fileEncoding = 4; lastKnownFileType = sourcecode.c.h; path = "NSString+MJExtension.h"; sourceTree = "<group>"; };
		0778DF4725DE1A2100F3155B /* NSString+MJExtension.m */ = {isa = PBXFileReference; fileEncoding = 4; lastKnownFileType = sourcecode.c.objc; path = "NSString+MJExtension.m"; sourceTree = "<group>"; };
		0778DF4825DE1A2100F3155B /* MJExtension.h */ = {isa = PBXFileReference; fileEncoding = 4; lastKnownFileType = sourcecode.c.h; path = MJExtension.h; sourceTree = "<group>"; };
		0778DF4925DE1A2100F3155B /* MJFoundation.h */ = {isa = PBXFileReference; fileEncoding = 4; lastKnownFileType = sourcecode.c.h; path = MJFoundation.h; sourceTree = "<group>"; };
		0778DF4A25DE1A2100F3155B /* MJPropertyType.h */ = {isa = PBXFileReference; fileEncoding = 4; lastKnownFileType = sourcecode.c.h; path = MJPropertyType.h; sourceTree = "<group>"; };
		0778DF4B25DE1A2100F3155B /* MJProperty.m */ = {isa = PBXFileReference; fileEncoding = 4; lastKnownFileType = sourcecode.c.objc; path = MJProperty.m; sourceTree = "<group>"; };
		0778DF4C25DE1A2100F3155B /* NSObject+MJKeyValue.h */ = {isa = PBXFileReference; fileEncoding = 4; lastKnownFileType = sourcecode.c.h; path = "NSObject+MJKeyValue.h"; sourceTree = "<group>"; };
		0778DF4D25DE1A2100F3155B /* NSObject+MJProperty.h */ = {isa = PBXFileReference; fileEncoding = 4; lastKnownFileType = sourcecode.c.h; path = "NSObject+MJProperty.h"; sourceTree = "<group>"; };
		0778DF4E25DE1A2200F3155B /* MJExtensionConst.h */ = {isa = PBXFileReference; fileEncoding = 4; lastKnownFileType = sourcecode.c.h; path = MJExtensionConst.h; sourceTree = "<group>"; };
		0778DF4F25DE1A2200F3155B /* NSObject+MJKeyValue.m */ = {isa = PBXFileReference; fileEncoding = 4; lastKnownFileType = sourcecode.c.objc; path = "NSObject+MJKeyValue.m"; sourceTree = "<group>"; };
		0778DF5025DE1A2200F3155B /* MJPropertyType.m */ = {isa = PBXFileReference; fileEncoding = 4; lastKnownFileType = sourcecode.c.objc; path = MJPropertyType.m; sourceTree = "<group>"; };
		0778DF5125DE1A2200F3155B /* NSObject+MJProperty.m */ = {isa = PBXFileReference; fileEncoding = 4; lastKnownFileType = sourcecode.c.objc; path = "NSObject+MJProperty.m"; sourceTree = "<group>"; };
		0778DF5225DE1A2200F3155B /* MJPropertyKey.h */ = {isa = PBXFileReference; fileEncoding = 4; lastKnownFileType = sourcecode.c.h; path = MJPropertyKey.h; sourceTree = "<group>"; };
		0778DF5325DE1A2200F3155B /* MJFoundation.m */ = {isa = PBXFileReference; fileEncoding = 4; lastKnownFileType = sourcecode.c.objc; path = MJFoundation.m; sourceTree = "<group>"; };
		0778DF5425DE1A2200F3155B /* MJExtensionConst.m */ = {isa = PBXFileReference; fileEncoding = 4; lastKnownFileType = sourcecode.c.objc; path = MJExtensionConst.m; sourceTree = "<group>"; };
		0778DF5525DE1A2200F3155B /* NSObject+MJClass.h */ = {isa = PBXFileReference; fileEncoding = 4; lastKnownFileType = sourcecode.c.h; path = "NSObject+MJClass.h"; sourceTree = "<group>"; };
		0778DF5625DE1A2200F3155B /* MJProperty.h */ = {isa = PBXFileReference; fileEncoding = 4; lastKnownFileType = sourcecode.c.h; path = MJProperty.h; sourceTree = "<group>"; };
		0778DF5725DE1A2200F3155B /* MJPropertyKey.m */ = {isa = PBXFileReference; fileEncoding = 4; lastKnownFileType = sourcecode.c.objc; path = MJPropertyKey.m; sourceTree = "<group>"; };
		0778DF5825DE1A2200F3155B /* NSObject+MJClass.m */ = {isa = PBXFileReference; fileEncoding = 4; lastKnownFileType = sourcecode.c.objc; path = "NSObject+MJClass.m"; sourceTree = "<group>"; };
		0778DF5925DE1A2200F3155B /* NSObject+MJCoding.h */ = {isa = PBXFileReference; fileEncoding = 4; lastKnownFileType = sourcecode.c.h; path = "NSObject+MJCoding.h"; sourceTree = "<group>"; };
		078EF28825B982C0005428A4 /* SKDynamicLoader.app */ = {isa = PBXFileReference; explicitFileType = wrapper.application; includeInIndex = 0; path = SKDynamicLoader.app; sourceTree = BUILT_PRODUCTS_DIR; };
		078EF28B25B982C0005428A4 /* AppDelegate.h */ = {isa = PBXFileReference; lastKnownFileType = sourcecode.c.h; path = AppDelegate.h; sourceTree = "<group>"; };
		078EF28C25B982C0005428A4 /* AppDelegate.m */ = {isa = PBXFileReference; lastKnownFileType = sourcecode.c.objc; path = AppDelegate.m; sourceTree = "<group>"; };
		078EF28E25B982C0005428A4 /* SceneDelegate.h */ = {isa = PBXFileReference; lastKnownFileType = sourcecode.c.h; path = SceneDelegate.h; sourceTree = "<group>"; };
		078EF28F25B982C0005428A4 /* SceneDelegate.m */ = {isa = PBXFileReference; lastKnownFileType = sourcecode.c.objc; path = SceneDelegate.m; sourceTree = "<group>"; };
		078EF29125B982C0005428A4 /* ViewController.h */ = {isa = PBXFileReference; lastKnownFileType = sourcecode.c.h; path = ViewController.h; sourceTree = "<group>"; };
		078EF29225B982C0005428A4 /* ViewController.m */ = {isa = PBXFileReference; lastKnownFileType = sourcecode.c.objc; path = ViewController.m; sourceTree = "<group>"; };
		078EF29525B982C0005428A4 /* Base */ = {isa = PBXFileReference; lastKnownFileType = file.storyboard; name = Base; path = Base.lproj/Main.storyboard; sourceTree = "<group>"; };
		078EF29725B982C2005428A4 /* Assets.xcassets */ = {isa = PBXFileReference; lastKnownFileType = folder.assetcatalog; path = Assets.xcassets; sourceTree = "<group>"; };
		078EF29A25B982C2005428A4 /* Base */ = {isa = PBXFileReference; lastKnownFileType = file.storyboard; name = Base; path = Base.lproj/LaunchScreen.storyboard; sourceTree = "<group>"; };
		078EF29C25B982C2005428A4 /* Info.plist */ = {isa = PBXFileReference; lastKnownFileType = text.plist.xml; path = Info.plist; sourceTree = "<group>"; };
		078EF29D25B982C2005428A4 /* main.m */ = {isa = PBXFileReference; lastKnownFileType = sourcecode.c.objc; path = main.m; sourceTree = "<group>"; };
		078EF2A625B9835B005428A4 /* A.h */ = {isa = PBXFileReference; lastKnownFileType = sourcecode.c.h; path = A.h; sourceTree = "<group>"; };
		078EF2A725B9835B005428A4 /* A.m */ = {isa = PBXFileReference; lastKnownFileType = sourcecode.c.objc; path = A.m; sourceTree = "<group>"; };
/* End PBXFileReference section */

/* Begin PBXFrameworksBuildPhase section */
		078EF28525B982C0005428A4 /* Frameworks */ = {
			isa = PBXFrameworksBuildPhase;
			buildActionMask = 2147483647;
			files = (
			);
			runOnlyForDeploymentPostprocessing = 0;
		};
/* End PBXFrameworksBuildPhase section */

/* Begin PBXGroup section */
		0778DF4025DE187A00F3155B /* Frameworks */ = {
			isa = PBXGroup;
			children = (
			);
			name = Frameworks;
			sourceTree = "<group>";
		};
		0778DF4425DE194800F3155B /* MJExtension */ = {
			isa = PBXGroup;
			children = (
				0778DF4825DE1A2100F3155B /* MJExtension.h */,
				0778DF4E25DE1A2200F3155B /* MJExtensionConst.h */,
				0778DF5425DE1A2200F3155B /* MJExtensionConst.m */,
				0778DF4925DE1A2100F3155B /* MJFoundation.h */,
				0778DF5325DE1A2200F3155B /* MJFoundation.m */,
				0778DF5625DE1A2200F3155B /* MJProperty.h */,
				0778DF4B25DE1A2100F3155B /* MJProperty.m */,
				0778DF5225DE1A2200F3155B /* MJPropertyKey.h */,
				0778DF5725DE1A2200F3155B /* MJPropertyKey.m */,
				0778DF4A25DE1A2100F3155B /* MJPropertyType.h */,
				0778DF5025DE1A2200F3155B /* MJPropertyType.m */,
				0778DF5525DE1A2200F3155B /* NSObject+MJClass.h */,
				0778DF5825DE1A2200F3155B /* NSObject+MJClass.m */,
				0778DF5925DE1A2200F3155B /* NSObject+MJCoding.h */,
				0778DF4525DE1A2100F3155B /* NSObject+MJCoding.m */,
				0778DF4C25DE1A2100F3155B /* NSObject+MJKeyValue.h */,
				0778DF4F25DE1A2200F3155B /* NSObject+MJKeyValue.m */,
				0778DF4D25DE1A2100F3155B /* NSObject+MJProperty.h */,
				0778DF5125DE1A2200F3155B /* NSObject+MJProperty.m */,
				0778DF4625DE1A2100F3155B /* NSString+MJExtension.h */,
				0778DF4725DE1A2100F3155B /* NSString+MJExtension.m */,
			);
			path = MJExtension;
			sourceTree = "<group>";
		};
		078EF27F25B982C0005428A4 = {
			isa = PBXGroup;
			children = (
				078EF28A25B982C0005428A4 /* SKDynamicLoader */,
				078EF28925B982C0005428A4 /* Products */,
				0778DF4025DE187A00F3155B /* Frameworks */,
			);
			sourceTree = "<group>";
		};
		078EF28925B982C0005428A4 /* Products */ = {
			isa = PBXGroup;
			children = (
				078EF28825B982C0005428A4 /* SKDynamicLoader.app */,
			);
			name = Products;
			sourceTree = "<group>";
		};
		078EF28A25B982C0005428A4 /* SKDynamicLoader */ = {
			isa = PBXGroup;
			children = (
				0778DF4425DE194800F3155B /* MJExtension */,
				078EF2A525B98336005428A4 /* Source */,
				078EF28B25B982C0005428A4 /* AppDelegate.h */,
				078EF28C25B982C0005428A4 /* AppDelegate.m */,
				078EF28E25B982C0005428A4 /* SceneDelegate.h */,
				078EF28F25B982C0005428A4 /* SceneDelegate.m */,
				078EF29125B982C0005428A4 /* ViewController.h */,
				078EF29225B982C0005428A4 /* ViewController.m */,
				078EF29425B982C0005428A4 /* Main.storyboard */,
				078EF29725B982C2005428A4 /* Assets.xcassets */,
				078EF29925B982C2005428A4 /* LaunchScreen.storyboard */,
				078EF29C25B982C2005428A4 /* Info.plist */,
				078EF29D25B982C2005428A4 /* main.m */,
				0778DF2F25D23D3700F3155B /* NSMutableArray+variadicMethodExample.h */,
				0778DF3025D23D3700F3155B /* NSMutableArray+variadicMethodExample.m */,
			);
			path = SKDynamicLoader;
			sourceTree = "<group>";
		};
		078EF2A525B98336005428A4 /* Source */ = {
			isa = PBXGroup;
			children = (
				078EF2A625B9835B005428A4 /* A.h */,
				078EF2A725B9835B005428A4 /* A.m */,
				072609DD25D0D67F00535BDD /* BridgeModel.h */,
				072609DE25D0D67F00535BDD /* BridgeModel.m */,
				0778DF3725DE15F900F3155B /* B.h */,
				0778DF3825DE15FA00F3155B /* B.m */,
			);
			path = Source;
			sourceTree = "<group>";
		};
/* End PBXGroup section */

/* Begin PBXNativeTarget section */
		078EF28725B982C0005428A4 /* SKDynamicLoader */ = {
			isa = PBXNativeTarget;
			buildConfigurationList = 078EF2A125B982C2005428A4 /* Build configuration list for PBXNativeTarget "SKDynamicLoader" */;
			buildPhases = (
				078EF28425B982C0005428A4 /* Sources */,
				078EF28525B982C0005428A4 /* Frameworks */,
				078EF28625B982C0005428A4 /* Resources */,
			);
			buildRules = (
			);
			dependencies = (
			);
			name = SKDynamicLoader;
			productName = SKDynamicLoader;
			productReference = 078EF28825B982C0005428A4 /* SKDynamicLoader.app */;
			productType = "com.apple.product-type.application";
		};
/* End PBXNativeTarget section */

/* Begin PBXProject section */
		078EF28025B982C0005428A4 /* Project object */ = {
			isa = PBXProject;
			attributes = {
				LastUpgradeCheck = 1230;
				TargetAttributes = {
					078EF28725B982C0005428A4 = {
						CreatedOnToolsVersion = 12.3;
					};
				};
			};
			buildConfigurationList = 078EF28325B982C0005428A4 /* Build configuration list for PBXProject "SKDynamicLoader" */;
			compatibilityVersion = "Xcode 9.3";
			developmentRegion = en;
			hasScannedForEncodings = 0;
			knownRegions = (
				en,
				Base,
			);
			mainGroup = 078EF27F25B982C0005428A4;
			productRefGroup = 078EF28925B982C0005428A4 /* Products */;
			projectDirPath = "";
			projectRoot = "";
			targets = (
				078EF28725B982C0005428A4 /* SKDynamicLoader */,
			);
		};
/* End PBXProject section */

/* Begin PBXResourcesBuildPhase section */
		078EF28625B982C0005428A4 /* Resources */ = {
			isa = PBXResourcesBuildPhase;
			buildActionMask = 2147483647;
			files = (
				078EF29B25B982C2005428A4 /* LaunchScreen.storyboard in Resources */,
				078EF29825B982C2005428A4 /* Assets.xcassets in Resources */,
				078EF29625B982C0005428A4 /* Main.storyboard in Resources */,
			);
			runOnlyForDeploymentPostprocessing = 0;
		};
/* End PBXResourcesBuildPhase section */

/* Begin PBXSourcesBuildPhase section */
		078EF28425B982C0005428A4 /* Sources */ = {
			isa = PBXSourcesBuildPhase;
			buildActionMask = 2147483647;
			files = (
				0778DF5E25DE1A2200F3155B /* MJPropertyType.m in Sources */,
				0778DF3925DE15FA00F3155B /* B.m in Sources */,
				078EF2A825B9835B005428A4 /* A.m in Sources */,
				0778DF6025DE1A2200F3155B /* MJFoundation.m in Sources */,
				078EF29325B982C0005428A4 /* ViewController.m in Sources */,
				072609DF25D0D67F00535BDD /* BridgeModel.m in Sources */,
				0778DF6225DE1A2200F3155B /* MJPropertyKey.m in Sources */,
				0778DF5D25DE1A2200F3155B /* NSObject+MJKeyValue.m in Sources */,
				0778DF3125D23D3700F3155B /* NSMutableArray+variadicMethodExample.m in Sources */,
				0778DF6325DE1A2200F3155B /* NSObject+MJClass.m in Sources */,
				0778DF6125DE1A2200F3155B /* MJExtensionConst.m in Sources */,
				0778DF5A25DE1A2200F3155B /* NSObject+MJCoding.m in Sources */,
				078EF28D25B982C0005428A4 /* AppDelegate.m in Sources */,
				0778DF5F25DE1A2200F3155B /* NSObject+MJProperty.m in Sources */,
				078EF29E25B982C2005428A4 /* main.m in Sources */,
				0778DF5B25DE1A2200F3155B /* NSString+MJExtension.m in Sources */,
				078EF29025B982C0005428A4 /* SceneDelegate.m in Sources */,
				0778DF5C25DE1A2200F3155B /* MJProperty.m in Sources */,
			);
			runOnlyForDeploymentPostprocessing = 0;
		};
/* End PBXSourcesBuildPhase section */

/* Begin PBXVariantGroup section */
		078EF29425B982C0005428A4 /* Main.storyboard */ = {
			isa = PBXVariantGroup;
			children = (
				078EF29525B982C0005428A4 /* Base */,
			);
			name = Main.storyboard;
			sourceTree = "<group>";
		};
		078EF29925B982C2005428A4 /* LaunchScreen.storyboard */ = {
			isa = PBXVariantGroup;
			children = (
				078EF29A25B982C2005428A4 /* Base */,
			);
			name = LaunchScreen.storyboard;
			sourceTree = "<group>";
		};
/* End PBXVariantGroup section */

/* Begin XCBuildConfiguration section */
		078EF29F25B982C2005428A4 /* Debug */ = {
			isa = XCBuildConfiguration;
			buildSettings = {
				ALWAYS_SEARCH_USER_PATHS = NO;
				CLANG_ANALYZER_NONNULL = YES;
				CLANG_ANALYZER_NUMBER_OBJECT_CONVERSION = YES_AGGRESSIVE;
				CLANG_CXX_LANGUAGE_STANDARD = "gnu++14";
				CLANG_CXX_LIBRARY = "libc++";
				CLANG_ENABLE_MODULES = YES;
				CLANG_ENABLE_OBJC_ARC = YES;
				CLANG_ENABLE_OBJC_WEAK = YES;
				CLANG_WARN_BLOCK_CAPTURE_AUTORELEASING = YES;
				CLANG_WARN_BOOL_CONVERSION = YES;
				CLANG_WARN_COMMA = YES;
				CLANG_WARN_CONSTANT_CONVERSION = YES;
				CLANG_WARN_DEPRECATED_OBJC_IMPLEMENTATIONS = YES;
				CLANG_WARN_DIRECT_OBJC_ISA_USAGE = YES_ERROR;
				CLANG_WARN_DOCUMENTATION_COMMENTS = YES;
				CLANG_WARN_EMPTY_BODY = YES;
				CLANG_WARN_ENUM_CONVERSION = YES;
				CLANG_WARN_INFINITE_RECURSION = YES;
				CLANG_WARN_INT_CONVERSION = YES;
				CLANG_WARN_NON_LITERAL_NULL_CONVERSION = YES;
				CLANG_WARN_OBJC_IMPLICIT_RETAIN_SELF = YES;
				CLANG_WARN_OBJC_LITERAL_CONVERSION = YES;
				CLANG_WARN_OBJC_ROOT_CLASS = YES_ERROR;
				CLANG_WARN_QUOTED_INCLUDE_IN_FRAMEWORK_HEADER = YES;
				CLANG_WARN_RANGE_LOOP_ANALYSIS = YES;
				CLANG_WARN_STRICT_PROTOTYPES = YES;
				CLANG_WARN_SUSPICIOUS_MOVE = YES;
				CLANG_WARN_UNGUARDED_AVAILABILITY = YES_AGGRESSIVE;
				CLANG_WARN_UNREACHABLE_CODE = YES;
				CLANG_WARN__DUPLICATE_METHOD_MATCH = YES;
				COPY_PHASE_STRIP = NO;
				DEBUG_INFORMATION_FORMAT = dwarf;
				ENABLE_STRICT_OBJC_MSGSEND = YES;
				ENABLE_TESTABILITY = YES;
				GCC_C_LANGUAGE_STANDARD = gnu11;
				GCC_DYNAMIC_NO_PIC = NO;
				GCC_NO_COMMON_BLOCKS = YES;
				GCC_OPTIMIZATION_LEVEL = 0;
				GCC_PREPROCESSOR_DEFINITIONS = (
					"DEBUG=1",
					"$(inherited)",
				);
				GCC_WARN_64_TO_32_BIT_CONVERSION = YES;
				GCC_WARN_ABOUT_RETURN_TYPE = YES_ERROR;
				GCC_WARN_UNDECLARED_SELECTOR = YES;
				GCC_WARN_UNINITIALIZED_AUTOS = YES_AGGRESSIVE;
				GCC_WARN_UNUSED_FUNCTION = YES;
				GCC_WARN_UNUSED_VARIABLE = YES;
				IPHONEOS_DEPLOYMENT_TARGET = 14.3;
				MTL_ENABLE_DEBUG_INFO = INCLUDE_SOURCE;
				MTL_FAST_MATH = YES;
				ONLY_ACTIVE_ARCH = YES;
				SDKROOT = iphoneos;
			};
			name = Debug;
		};
		078EF2A025B982C2005428A4 /* Release */ = {
			isa = XCBuildConfiguration;
			buildSettings = {
				ALWAYS_SEARCH_USER_PATHS = NO;
				CLANG_ANALYZER_NONNULL = YES;
				CLANG_ANALYZER_NUMBER_OBJECT_CONVERSION = YES_AGGRESSIVE;
				CLANG_CXX_LANGUAGE_STANDARD = "gnu++14";
				CLANG_CXX_LIBRARY = "libc++";
				CLANG_ENABLE_MODULES = YES;
				CLANG_ENABLE_OBJC_ARC = YES;
				CLANG_ENABLE_OBJC_WEAK = YES;
				CLANG_WARN_BLOCK_CAPTURE_AUTORELEASING = YES;
				CLANG_WARN_BOOL_CONVERSION = YES;
				CLANG_WARN_COMMA = YES;
				CLANG_WARN_CONSTANT_CONVERSION = YES;
				CLANG_WARN_DEPRECATED_OBJC_IMPLEMENTATIONS = YES;
				CLANG_WARN_DIRECT_OBJC_ISA_USAGE = YES_ERROR;
				CLANG_WARN_DOCUMENTATION_COMMENTS = YES;
				CLANG_WARN_EMPTY_BODY = YES;
				CLANG_WARN_ENUM_CONVERSION = YES;
				CLANG_WARN_INFINITE_RECURSION = YES;
				CLANG_WARN_INT_CONVERSION = YES;
				CLANG_WARN_NON_LITERAL_NULL_CONVERSION = YES;
				CLANG_WARN_OBJC_IMPLICIT_RETAIN_SELF = YES;
				CLANG_WARN_OBJC_LITERAL_CONVERSION = YES;
				CLANG_WARN_OBJC_ROOT_CLASS = YES_ERROR;
				CLANG_WARN_QUOTED_INCLUDE_IN_FRAMEWORK_HEADER = YES;
				CLANG_WARN_RANGE_LOOP_ANALYSIS = YES;
				CLANG_WARN_STRICT_PROTOTYPES = YES;
				CLANG_WARN_SUSPICIOUS_MOVE = YES;
				CLANG_WARN_UNGUARDED_AVAILABILITY = YES_AGGRESSIVE;
				CLANG_WARN_UNREACHABLE_CODE = YES;
				CLANG_WARN__DUPLICATE_METHOD_MATCH = YES;
				COPY_PHASE_STRIP = NO;
				DEBUG_INFORMATION_FORMAT = "dwarf-with-dsym";
				ENABLE_NS_ASSERTIONS = NO;
				ENABLE_STRICT_OBJC_MSGSEND = YES;
				GCC_C_LANGUAGE_STANDARD = gnu11;
				GCC_NO_COMMON_BLOCKS = YES;
				GCC_WARN_64_TO_32_BIT_CONVERSION = YES;
				GCC_WARN_ABOUT_RETURN_TYPE = YES_ERROR;
				GCC_WARN_UNDECLARED_SELECTOR = YES;
				GCC_WARN_UNINITIALIZED_AUTOS = YES_AGGRESSIVE;
				GCC_WARN_UNUSED_FUNCTION = YES;
				GCC_WARN_UNUSED_VARIABLE = YES;
				IPHONEOS_DEPLOYMENT_TARGET = 14.3;
				MTL_ENABLE_DEBUG_INFO = NO;
				MTL_FAST_MATH = YES;
				SDKROOT = iphoneos;
				VALIDATE_PRODUCT = YES;
			};
			name = Release;
		};
		078EF2A225B982C2005428A4 /* Debug */ = {
			isa = XCBuildConfiguration;
			buildSettings = {
				ASSETCATALOG_COMPILER_APPICON_NAME = AppIcon;
				ASSETCATALOG_COMPILER_GLOBAL_ACCENT_COLOR_NAME = AccentColor;
				CODE_SIGN_STYLE = Automatic;
				INFOPLIST_FILE = SKDynamicLoader/Info.plist;
				LD_RUNPATH_SEARCH_PATHS = (
					"$(inherited)",
					"@executable_path/Frameworks",
				);
				PRODUCT_BUNDLE_IDENTIFIER = shevakuilin.SKDynamicLoader;
				PRODUCT_NAME = "$(TARGET_NAME)";
				TARGETED_DEVICE_FAMILY = "1,2";
			};
			name = Debug;
		};
		078EF2A325B982C2005428A4 /* Release */ = {
			isa = XCBuildConfiguration;
			buildSettings = {
				ASSETCATALOG_COMPILER_APPICON_NAME = AppIcon;
				ASSETCATALOG_COMPILER_GLOBAL_ACCENT_COLOR_NAME = AccentColor;
				CODE_SIGN_STYLE = Automatic;
				INFOPLIST_FILE = SKDynamicLoader/Info.plist;
				LD_RUNPATH_SEARCH_PATHS = (
					"$(inherited)",
					"@executable_path/Frameworks",
				);
				PRODUCT_BUNDLE_IDENTIFIER = shevakuilin.SKDynamicLoader;
				PRODUCT_NAME = "$(TARGET_NAME)";
				TARGETED_DEVICE_FAMILY = "1,2";
			};
			name = Release;
		};
/* End XCBuildConfiguration section */

/* Begin XCConfigurationList section */
		078EF28325B982C0005428A4 /* Build configuration list for PBXProject "SKDynamicLoader" */ = {
			isa = XCConfigurationList;
			buildConfigurations = (
				078EF29F25B982C2005428A4 /* Debug */,
				078EF2A025B982C2005428A4 /* Release */,
			);
			defaultConfigurationIsVisible = 0;
			defaultConfigurationName = Release;
		};
		078EF2A125B982C2005428A4 /* Build configuration list for PBXNativeTarget "SKDynamicLoader" */ = {
			isa = XCConfigurationList;
			buildConfigurations = (
				078EF2A225B982C2005428A4 /* Debug */,
				078EF2A325B982C2005428A4 /* Release */,
			);
			defaultConfigurationIsVisible = 0;
			defaultConfigurationName = Release;
		};
/* End XCConfigurationList section */
	};
	rootObject = 078EF28025B982C0005428A4 /* Project object */;
}
